{
    "requires": true,
    "lockfileVersion": 1,
    "dependencies": {
        "bootstrap": {
            "version": "3.4.1",
            "resolved": "https://registry.npmjs.org/bootstrap/-/bootstrap-3.4.1.tgz",
            "integrity": "sha512-yN5oZVmRCwe5aKwzRj6736nSmKDX7pLYwsXiCj/EYmo16hODaBiT4En5btW/jhBF/seV+XMx3aYwukYC3A49DA=="
        },
        "bootstrap-sweetalert": {
            "version": "1.0.1",
            "resolved": "https://registry.npmjs.org/bootstrap-sweetalert/-/bootstrap-sweetalert-1.0.1.tgz",
            "integrity": "sha1-Fk8+YVUmXNOY1oG0cdVq/f3GXy0=",
            "requires": {
                "bootstrap": "~3"
            }
        },
        "bower": {
            "version": "1.8.12",
            "resolved": "https://registry.npmjs.org/bower/-/bower-1.8.12.tgz",
            "integrity": "sha512-u1xy9SrwwoPlgjuHNjhV+YUPVdqyBj2ALBxuzeIUKXaPI2i2xypGgxqXkuHcITGdi5yBj5JuXgyMvgiWiS1S3Q=="
        }
    }
}
